// !$*UTF8*$!
{
	archiveVersion = 1;
	classes = {
	};
	objectVersion = 55;
	objects = {

/* Begin PBXBuildFile section */
		FF3DC72428A84BD6006E78CF /* AppDelegate.swift in Sources */ = {isa = PBXBuildFile; fileRef = FF3DC72328A84BD6006E78CF /* AppDelegate.swift */; };
		FF3DC72628A84BD6006E78CF /* SceneDelegate.swift in Sources */ = {isa = PBXBuildFile; fileRef = FF3DC72528A84BD6006E78CF /* SceneDelegate.swift */; };
		FF3DC72828A84BD6006E78CF /* ViewController.swift in Sources */ = {isa = PBXBuildFile; fileRef = FF3DC72728A84BD6006E78CF /* ViewController.swift */; };
		FF3DC72B28A84BD6006E78CF /* Main.storyboard in Resources */ = {isa = PBXBuildFile; fileRef = FF3DC72928A84BD6006E78CF /* Main.storyboard */; };
		FF3DC72D28A84BE2006E78CF /* Assets.xcassets in Resources */ = {isa = PBXBuildFile; fileRef = FF3DC72C28A84BE2006E78CF /* Assets.xcassets */; };
		FF3DC73028A84BE2006E78CF /* LaunchScreen.storyboard in Resources */ = {isa = PBXBuildFile; fileRef = FF3DC72E28A84BE2006E78CF /* LaunchScreen.storyboard */; };
		FF3DC73B28A84BE2006E78CF /* ZoundTestTests.swift in Sources */ = {isa = PBXBuildFile; fileRef = FF3DC73A28A84BE2006E78CF /* ZoundTestTests.swift */; };
		FF3DC74528A84BE2006E78CF /* ZoundTestUITests.swift in Sources */ = {isa = PBXBuildFile; fileRef = FF3DC74428A84BE2006E78CF /* ZoundTestUITests.swift */; };
		FF3DC74728A84BE2006E78CF /* ZoundTestUITestsLaunchTests.swift in Sources */ = {isa = PBXBuildFile; fileRef = FF3DC74628A84BE2006E78CF /* ZoundTestUITestsLaunchTests.swift */; };
		FF3DC75C28A914EC006E78CF /* NetworkServiceHelper.swift in Sources */ = {isa = PBXBuildFile; fileRef = FF3DC75928A914EC006E78CF /* NetworkServiceHelper.swift */; };
		FF3DC75D28A914EC006E78CF /* DataRequest.swift in Sources */ = {isa = PBXBuildFile; fileRef = FF3DC75A28A914EC006E78CF /* DataRequest.swift */; };
		FF3DC75E28A914EC006E78CF /* SampleService.swift in Sources */ = {isa = PBXBuildFile; fileRef = FF3DC75B28A914EC006E78CF /* SampleService.swift */; };
		FF3DC76028A916AC006E78CF /* DataProvider.swift in Sources */ = {isa = PBXBuildFile; fileRef = FF3DC75F28A916AC006E78CF /* DataProvider.swift */; };
		FF3DC76128A916AC006E78CF /* DataProvider.swift in Sources */ = {isa = PBXBuildFile; fileRef = FF3DC75F28A916AC006E78CF /* DataProvider.swift */; };
		FF3DC76328A9192C006E78CF /* CryptoModel.swift in Sources */ = {isa = PBXBuildFile; fileRef = FF3DC76228A9192C006E78CF /* CryptoModel.swift */; };
		FF3DC76428A9192C006E78CF /* CryptoModel.swift in Sources */ = {isa = PBXBuildFile; fileRef = FF3DC76228A9192C006E78CF /* CryptoModel.swift */; };
		FF3DC76628A91E42006E78CF /* MainViewModel.swift in Sources */ = {isa = PBXBuildFile; fileRef = FF3DC76528A91E42006E78CF /* MainViewModel.swift */; };
		FF3DC76728A91E42006E78CF /* MainViewModel.swift in Sources */ = {isa = PBXBuildFile; fileRef = FF3DC76528A91E42006E78CF /* MainViewModel.swift */; };
		FF3DC76928A91E66006E78CF /* ItemViewModel.swift in Sources */ = {isa = PBXBuildFile; fileRef = FF3DC76828A91E66006E78CF /* ItemViewModel.swift */; };
		FF3DC76A28A91E66006E78CF /* ItemViewModel.swift in Sources */ = {isa = PBXBuildFile; fileRef = FF3DC76828A91E66006E78CF /* ItemViewModel.swift */; };
		FF3DC76D28A97A58006E78CF /* ItemCell.swift in Sources */ = {isa = PBXBuildFile; fileRef = FF3DC76B28A97A58006E78CF /* ItemCell.swift */; };
		FF3DC76E28A97A58006E78CF /* ItemCell.swift in Sources */ = {isa = PBXBuildFile; fileRef = FF3DC76B28A97A58006E78CF /* ItemCell.swift */; };
		FF3DC76F28A97A58006E78CF /* ItemCell.xib in Resources */ = {isa = PBXBuildFile; fileRef = FF3DC76C28A97A58006E78CF /* ItemCell.xib */; };
		FF3DC77028A97A58006E78CF /* ItemCell.xib in Resources */ = {isa = PBXBuildFile; fileRef = FF3DC76C28A97A58006E78CF /* ItemCell.xib */; };
/* End PBXBuildFile section */

/* Begin PBXContainerItemProxy section */
		FF3DC73728A84BE2006E78CF /* PBXContainerItemProxy */ = {
			isa = PBXContainerItemProxy;
			containerPortal = FF3DC71828A84BD6006E78CF /* Project object */;
			proxyType = 1;
			remoteGlobalIDString = FF3DC71F28A84BD6006E78CF;
			remoteInfo = ZoundTest;
		};
		FF3DC74128A84BE2006E78CF /* PBXContainerItemProxy */ = {
			isa = PBXContainerItemProxy;
			containerPortal = FF3DC71828A84BD6006E78CF /* Project object */;
			proxyType = 1;
			remoteGlobalIDString = FF3DC71F28A84BD6006E78CF;
			remoteInfo = ZoundTest;
		};
/* End PBXContainerItemProxy section */

/* Begin PBXFileReference section */
		FF3DC72028A84BD6006E78CF /* ZoundTest.app */ = {isa = PBXFileReference; explicitFileType = wrapper.application; includeInIndex = 0; path = ZoundTest.app; sourceTree = BUILT_PRODUCTS_DIR; };
		FF3DC72328A84BD6006E78CF /* AppDelegate.swift */ = {isa = PBXFileReference; lastKnownFileType = sourcecode.swift; path = AppDelegate.swift; sourceTree = "<group>"; };
		FF3DC72528A84BD6006E78CF /* SceneDelegate.swift */ = {isa = PBXFileReference; lastKnownFileType = sourcecode.swift; path = SceneDelegate.swift; sourceTree = "<group>"; };
		FF3DC72728A84BD6006E78CF /* ViewController.swift */ = {isa = PBXFileReference; lastKnownFileType = sourcecode.swift; path = ViewController.swift; sourceTree = "<group>"; };
		FF3DC72A28A84BD6006E78CF /* Base */ = {isa = PBXFileReference; lastKnownFileType = file.storyboard; name = Base; path = Base.lproj/Main.storyboard; sourceTree = "<group>"; };
		FF3DC72C28A84BE2006E78CF /* Assets.xcassets */ = {isa = PBXFileReference; lastKnownFileType = folder.assetcatalog; path = Assets.xcassets; sourceTree = "<group>"; };
		FF3DC72F28A84BE2006E78CF /* Base */ = {isa = PBXFileReference; lastKnownFileType = file.storyboard; name = Base; path = Base.lproj/LaunchScreen.storyboard; sourceTree = "<group>"; };
		FF3DC73128A84BE2006E78CF /* Info.plist */ = {isa = PBXFileReference; lastKnownFileType = text.plist.xml; path = Info.plist; sourceTree = "<group>"; };
		FF3DC73628A84BE2006E78CF /* ZoundTestTests.xctest */ = {isa = PBXFileReference; explicitFileType = wrapper.cfbundle; includeInIndex = 0; path = ZoundTestTests.xctest; sourceTree = BUILT_PRODUCTS_DIR; };
		FF3DC73A28A84BE2006E78CF /* ZoundTestTests.swift */ = {isa = PBXFileReference; lastKnownFileType = sourcecode.swift; path = ZoundTestTests.swift; sourceTree = "<group>"; };
		FF3DC74028A84BE2006E78CF /* ZoundTestUITests.xctest */ = {isa = PBXFileReference; explicitFileType = wrapper.cfbundle; includeInIndex = 0; path = ZoundTestUITests.xctest; sourceTree = BUILT_PRODUCTS_DIR; };
		FF3DC74428A84BE2006E78CF /* ZoundTestUITests.swift */ = {isa = PBXFileReference; lastKnownFileType = sourcecode.swift; path = ZoundTestUITests.swift; sourceTree = "<group>"; };
		FF3DC74628A84BE2006E78CF /* ZoundTestUITestsLaunchTests.swift */ = {isa = PBXFileReference; lastKnownFileType = sourcecode.swift; path = ZoundTestUITestsLaunchTests.swift; sourceTree = "<group>"; };
		FF3DC75928A914EC006E78CF /* NetworkServiceHelper.swift */ = {isa = PBXFileReference; fileEncoding = 4; lastKnownFileType = sourcecode.swift; path = NetworkServiceHelper.swift; sourceTree = "<group>"; };
		FF3DC75A28A914EC006E78CF /* DataRequest.swift */ = {isa = PBXFileReference; fileEncoding = 4; lastKnownFileType = sourcecode.swift; path = DataRequest.swift; sourceTree = "<group>"; };
		FF3DC75B28A914EC006E78CF /* SampleService.swift */ = {isa = PBXFileReference; fileEncoding = 4; lastKnownFileType = sourcecode.swift; path = SampleService.swift; sourceTree = "<group>"; };
		FF3DC75F28A916AC006E78CF /* DataProvider.swift */ = {isa = PBXFileReference; lastKnownFileType = sourcecode.swift; path = DataProvider.swift; sourceTree = "<group>"; };
		FF3DC76228A9192C006E78CF /* CryptoModel.swift */ = {isa = PBXFileReference; fileEncoding = 4; lastKnownFileType = sourcecode.swift; path = CryptoModel.swift; sourceTree = "<group>"; };
		FF3DC76528A91E42006E78CF /* MainViewModel.swift */ = {isa = PBXFileReference; lastKnownFileType = sourcecode.swift; path = MainViewModel.swift; sourceTree = "<group>"; };
		FF3DC76828A91E66006E78CF /* ItemViewModel.swift */ = {isa = PBXFileReference; lastKnownFileType = sourcecode.swift; path = ItemViewModel.swift; sourceTree = "<group>"; };
		FF3DC76B28A97A58006E78CF /* ItemCell.swift */ = {isa = PBXFileReference; lastKnownFileType = sourcecode.swift; path = ItemCell.swift; sourceTree = "<group>"; };
		FF3DC76C28A97A58006E78CF /* ItemCell.xib */ = {isa = PBXFileReference; lastKnownFileType = file.xib; path = ItemCell.xib; sourceTree = "<group>"; };
/* End PBXFileReference section */

/* Begin PBXFrameworksBuildPhase section */
		FF3DC71D28A84BD6006E78CF /* Frameworks */ = {
			isa = PBXFrameworksBuildPhase;
			buildActionMask = 2147483647;
			files = (
			);
			runOnlyForDeploymentPostprocessing = 0;
		};
		FF3DC73328A84BE2006E78CF /* Frameworks */ = {
			isa = PBXFrameworksBuildPhase;
			buildActionMask = 2147483647;
			files = (
			);
			runOnlyForDeploymentPostprocessing = 0;
		};
		FF3DC73D28A84BE2006E78CF /* Frameworks */ = {
			isa = PBXFrameworksBuildPhase;
			buildActionMask = 2147483647;
			files = (
			);
			runOnlyForDeploymentPostprocessing = 0;
		};
/* End PBXFrameworksBuildPhase section */

/* Begin PBXGroup section */
		FF3DC71728A84BD6006E78CF = {
			isa = PBXGroup;
			children = (
				FF3DC72228A84BD6006E78CF /* ZoundTest */,
				FF3DC73928A84BE2006E78CF /* ZoundTestTests */,
				FF3DC74328A84BE2006E78CF /* ZoundTestUITests */,
				FF3DC72128A84BD6006E78CF /* Products */,
			);
			sourceTree = "<group>";
		};
		FF3DC72128A84BD6006E78CF /* Products */ = {
			isa = PBXGroup;
			children = (
				FF3DC72028A84BD6006E78CF /* ZoundTest.app */,
				FF3DC73628A84BE2006E78CF /* ZoundTestTests.xctest */,
				FF3DC74028A84BE2006E78CF /* ZoundTestUITests.xctest */,
			);
			name = Products;
			sourceTree = "<group>";
		};
		FF3DC72228A84BD6006E78CF /* ZoundTest */ = {
			isa = PBXGroup;
			children = (
				FF3DC75728A90F51006E78CF /* Services */,
				FF3DC75628A90F31006E78CF /* Helpers */,
				FF3DC75528A90F24006E78CF /* Model */,
				FF3DC75428A90F16006E78CF /* ViewModel */,
				FF3DC75328A90F07006E78CF /* View */,
				FF3DC75828A90FA9006E78CF /* Resources */,
			);
			path = ZoundTest;
			sourceTree = "<group>";
		};
		FF3DC73928A84BE2006E78CF /* ZoundTestTests */ = {
			isa = PBXGroup;
			children = (
				FF3DC73A28A84BE2006E78CF /* ZoundTestTests.swift */,
			);
			path = ZoundTestTests;
			sourceTree = "<group>";
		};
		FF3DC74328A84BE2006E78CF /* ZoundTestUITests */ = {
			isa = PBXGroup;
			children = (
				FF3DC74428A84BE2006E78CF /* ZoundTestUITests.swift */,
				FF3DC74628A84BE2006E78CF /* ZoundTestUITestsLaunchTests.swift */,
			);
			path = ZoundTestUITests;
			sourceTree = "<group>";
		};
		FF3DC75328A90F07006E78CF /* View */ = {
			isa = PBXGroup;
			children = (
				FF3DC72E28A84BE2006E78CF /* LaunchScreen.storyboard */,
				FF3DC72928A84BD6006E78CF /* Main.storyboard */,
				FF3DC72728A84BD6006E78CF /* ViewController.swift */,
				FF3DC76B28A97A58006E78CF /* ItemCell.swift */,
				FF3DC76C28A97A58006E78CF /* ItemCell.xib */,
			);
			path = View;
			sourceTree = "<group>";
		};
		FF3DC75428A90F16006E78CF /* ViewModel */ = {
			isa = PBXGroup;
			children = (
				FF3DC76528A91E42006E78CF /* MainViewModel.swift */,
				FF3DC76828A91E66006E78CF /* ItemViewModel.swift */,
			);
			path = ViewModel;
			sourceTree = "<group>";
		};
		FF3DC75528A90F24006E78CF /* Model */ = {
			isa = PBXGroup;
			children = (
				FF3DC76228A9192C006E78CF /* CryptoModel.swift */,
			);
			path = Model;
			sourceTree = "<group>";
		};
		FF3DC75628A90F31006E78CF /* Helpers */ = {
			isa = PBXGroup;
			children = (
				FF3DC72328A84BD6006E78CF /* AppDelegate.swift */,
				FF3DC72528A84BD6006E78CF /* SceneDelegate.swift */,
				FF3DC75F28A916AC006E78CF /* DataProvider.swift */,
			);
			path = Helpers;
			sourceTree = "<group>";
		};
		FF3DC75728A90F51006E78CF /* Services */ = {
			isa = PBXGroup;
			children = (
				FF3DC75A28A914EC006E78CF /* DataRequest.swift */,
				FF3DC75928A914EC006E78CF /* NetworkServiceHelper.swift */,
				FF3DC75B28A914EC006E78CF /* SampleService.swift */,
			);
			path = Services;
			sourceTree = "<group>";
		};
		FF3DC75828A90FA9006E78CF /* Resources */ = {
			isa = PBXGroup;
			children = (
				FF3DC72C28A84BE2006E78CF /* Assets.xcassets */,
				FF3DC73128A84BE2006E78CF /* Info.plist */,
			);
			path = Resources;
			sourceTree = "<group>";
		};
/* End PBXGroup section */

/* Begin PBXNativeTarget section */
		FF3DC71F28A84BD6006E78CF /* ZoundTest */ = {
			isa = PBXNativeTarget;
			buildConfigurationList = FF3DC74A28A84BE2006E78CF /* Build configuration list for PBXNativeTarget "ZoundTest" */;
			buildPhases = (
				FF3DC71C28A84BD6006E78CF /* Sources */,
				FF3DC71D28A84BD6006E78CF /* Frameworks */,
				FF3DC71E28A84BD6006E78CF /* Resources */,
			);
			buildRules = (
			);
			dependencies = (
			);
			name = ZoundTest;
			productName = ZoundTest;
			productReference = FF3DC72028A84BD6006E78CF /* ZoundTest.app */;
			productType = "com.apple.product-type.application";
		};
		FF3DC73528A84BE2006E78CF /* ZoundTestTests */ = {
			isa = PBXNativeTarget;
			buildConfigurationList = FF3DC74D28A84BE2006E78CF /* Build configuration list for PBXNativeTarget "ZoundTestTests" */;
			buildPhases = (
				FF3DC73228A84BE2006E78CF /* Sources */,
				FF3DC73328A84BE2006E78CF /* Frameworks */,
				FF3DC73428A84BE2006E78CF /* Resources */,
			);
			buildRules = (
			);
			dependencies = (
				FF3DC73828A84BE2006E78CF /* PBXTargetDependency */,
			);
			name = ZoundTestTests;
			productName = ZoundTestTests;
			productReference = FF3DC73628A84BE2006E78CF /* ZoundTestTests.xctest */;
			productType = "com.apple.product-type.bundle.unit-test";
		};
		FF3DC73F28A84BE2006E78CF /* ZoundTestUITests */ = {
			isa = PBXNativeTarget;
			buildConfigurationList = FF3DC75028A84BE2006E78CF /* Build configuration list for PBXNativeTarget "ZoundTestUITests" */;
			buildPhases = (
				FF3DC73C28A84BE2006E78CF /* Sources */,
				FF3DC73D28A84BE2006E78CF /* Frameworks */,
				FF3DC73E28A84BE2006E78CF /* Resources */,
			);
			buildRules = (
			);
			dependencies = (
				FF3DC74228A84BE2006E78CF /* PBXTargetDependency */,
			);
			name = ZoundTestUITests;
			productName = ZoundTestUITests;
			productReference = FF3DC74028A84BE2006E78CF /* ZoundTestUITests.xctest */;
			productType = "com.apple.product-type.bundle.ui-testing";
		};
/* End PBXNativeTarget section */

/* Begin PBXProject section */
		FF3DC71828A84BD6006E78CF /* Project object */ = {
			isa = PBXProject;
			attributes = {
				BuildIndependentTargetsInParallel = 1;
				LastSwiftUpdateCheck = 1320;
				LastUpgradeCheck = 1320;
				TargetAttributes = {
					FF3DC71F28A84BD6006E78CF = {
						CreatedOnToolsVersion = 13.2.1;
					};
					FF3DC73528A84BE2006E78CF = {
						CreatedOnToolsVersion = 13.2.1;
						TestTargetID = FF3DC71F28A84BD6006E78CF;
					};
					FF3DC73F28A84BE2006E78CF = {
						CreatedOnToolsVersion = 13.2.1;
						TestTargetID = FF3DC71F28A84BD6006E78CF;
					};
				};
			};
			buildConfigurationList = FF3DC71B28A84BD6006E78CF /* Build configuration list for PBXProject "ZoundTest" */;
			compatibilityVersion = "Xcode 13.0";
			developmentRegion = en;
			hasScannedForEncodings = 0;
			knownRegions = (
				en,
				Base,
			);
			mainGroup = FF3DC71728A84BD6006E78CF;
			productRefGroup = FF3DC72128A84BD6006E78CF /* Products */;
			projectDirPath = "";
			projectRoot = "";
			targets = (
				FF3DC71F28A84BD6006E78CF /* ZoundTest */,
				FF3DC73528A84BE2006E78CF /* ZoundTestTests */,
				FF3DC73F28A84BE2006E78CF /* ZoundTestUITests */,
			);
		};
/* End PBXProject section */

/* Begin PBXResourcesBuildPhase section */
		FF3DC71E28A84BD6006E78CF /* Resources */ = {
			isa = PBXResourcesBuildPhase;
			buildActionMask = 2147483647;
			files = (
				FF3DC76F28A97A58006E78CF /* ItemCell.xib in Resources */,
				FF3DC73028A84BE2006E78CF /* LaunchScreen.storyboard in Resources */,
				FF3DC72D28A84BE2006E78CF /* Assets.xcassets in Resources */,
				FF3DC72B28A84BD6006E78CF /* Main.storyboard in Resources */,
			);
			runOnlyForDeploymentPostprocessing = 0;
		};
		FF3DC73428A84BE2006E78CF /* Resources */ = {
			isa = PBXResourcesBuildPhase;
			buildActionMask = 2147483647;
			files = (
				FF3DC77028A97A58006E78CF /* ItemCell.xib in Resources */,
			);
			runOnlyForDeploymentPostprocessing = 0;
		};
		FF3DC73E28A84BE2006E78CF /* Resources */ = {
			isa = PBXResourcesBuildPhase;
			buildActionMask = 2147483647;
			files = (
			);
			runOnlyForDeploymentPostprocessing = 0;
		};
/* End PBXResourcesBuildPhase section */

/* Begin PBXSourcesBuildPhase section */
		FF3DC71C28A84BD6006E78CF /* Sources */ = {
			isa = PBXSourcesBuildPhase;
			buildActionMask = 2147483647;
			files = (
				FF3DC75C28A914EC006E78CF /* NetworkServiceHelper.swift in Sources */,
				FF3DC75E28A914EC006E78CF /* SampleService.swift in Sources */,
				FF3DC75D28A914EC006E78CF /* DataRequest.swift in Sources */,
				FF3DC76D28A97A58006E78CF /* ItemCell.swift in Sources */,
				FF3DC76928A91E66006E78CF /* ItemViewModel.swift in Sources */,
				FF3DC76028A916AC006E78CF /* DataProvider.swift in Sources */,
				FF3DC72828A84BD6006E78CF /* ViewController.swift in Sources */,
				FF3DC72428A84BD6006E78CF /* AppDelegate.swift in Sources */,
				FF3DC76328A9192C006E78CF /* CryptoModel.swift in Sources */,
				FF3DC72628A84BD6006E78CF /* SceneDelegate.swift in Sources */,
				FF3DC76628A91E42006E78CF /* MainViewModel.swift in Sources */,
			);
			runOnlyForDeploymentPostprocessing = 0;
		};
		FF3DC73228A84BE2006E78CF /* Sources */ = {
			isa = PBXSourcesBuildPhase;
			buildActionMask = 2147483647;
			files = (
				FF3DC76428A9192C006E78CF /* CryptoModel.swift in Sources */,
				FF3DC76128A916AC006E78CF /* DataProvider.swift in Sources */,
				FF3DC76E28A97A58006E78CF /* ItemCell.swift in Sources */,
				FF3DC73B28A84BE2006E78CF /* ZoundTestTests.swift in Sources */,
				FF3DC76A28A91E66006E78CF /* ItemViewModel.swift in Sources */,
				FF3DC76728A91E42006E78CF /* MainViewModel.swift in Sources */,
			);
			runOnlyForDeploymentPostprocessing = 0;
		};
		FF3DC73C28A84BE2006E78CF /* Sources */ = {
			isa = PBXSourcesBuildPhase;
			buildActionMask = 2147483647;
			files = (
				FF3DC74528A84BE2006E78CF /* ZoundTestUITests.swift in Sources */,
				FF3DC74728A84BE2006E78CF /* ZoundTestUITestsLaunchTests.swift in Sources */,
			);
			runOnlyForDeploymentPostprocessing = 0;
		};
/* End PBXSourcesBuildPhase section */

/* Begin PBXTargetDependency section */
		FF3DC73828A84BE2006E78CF /* PBXTargetDependency */ = {
			isa = PBXTargetDependency;
			target = FF3DC71F28A84BD6006E78CF /* ZoundTest */;
			targetProxy = FF3DC73728A84BE2006E78CF /* PBXContainerItemProxy */;
		};
		FF3DC74228A84BE2006E78CF /* PBXTargetDependency */ = {
			isa = PBXTargetDependency;
			target = FF3DC71F28A84BD6006E78CF /* ZoundTest */;
			targetProxy = FF3DC74128A84BE2006E78CF /* PBXContainerItemProxy */;
		};
/* End PBXTargetDependency section */

/* Begin PBXVariantGroup section */
		FF3DC72928A84BD6006E78CF /* Main.storyboard */ = {
			isa = PBXVariantGroup;
			children = (
				FF3DC72A28A84BD6006E78CF /* Base */,
			);
			name = Main.storyboard;
			sourceTree = "<group>";
		};
		FF3DC72E28A84BE2006E78CF /* LaunchScreen.storyboard */ = {
			isa = PBXVariantGroup;
			children = (
				FF3DC72F28A84BE2006E78CF /* Base */,
			);
			name = LaunchScreen.storyboard;
			sourceTree = "<group>";
		};
/* End PBXVariantGroup section */

/* Begin XCBuildConfiguration section */
		FF3DC74828A84BE2006E78CF /* Debug */ = {
			isa = XCBuildConfiguration;
			buildSettings = {
				ALWAYS_SEARCH_USER_PATHS = NO;
				CLANG_ANALYZER_NONNULL = YES;
				CLANG_ANALYZER_NUMBER_OBJECT_CONVERSION = YES_AGGRESSIVE;
				CLANG_CXX_LANGUAGE_STANDARD = "gnu++17";
				CLANG_CXX_LIBRARY = "libc++";
				CLANG_ENABLE_MODULES = YES;
				CLANG_ENABLE_OBJC_ARC = YES;
				CLANG_ENABLE_OBJC_WEAK = YES;
				CLANG_WARN_BLOCK_CAPTURE_AUTORELEASING = YES;
				CLANG_WARN_BOOL_CONVERSION = YES;
				CLANG_WARN_COMMA = YES;
				CLANG_WARN_CONSTANT_CONVERSION = YES;
				CLANG_WARN_DEPRECATED_OBJC_IMPLEMENTATIONS = YES;
				CLANG_WARN_DIRECT_OBJC_ISA_USAGE = YES_ERROR;
				CLANG_WARN_DOCUMENTATION_COMMENTS = YES;
				CLANG_WARN_EMPTY_BODY = YES;
				CLANG_WARN_ENUM_CONVERSION = YES;
				CLANG_WARN_INFINITE_RECURSION = YES;
				CLANG_WARN_INT_CONVERSION = YES;
				CLANG_WARN_NON_LITERAL_NULL_CONVERSION = YES;
				CLANG_WARN_OBJC_IMPLICIT_RETAIN_SELF = YES;
				CLANG_WARN_OBJC_LITERAL_CONVERSION = YES;
				CLANG_WARN_OBJC_ROOT_CLASS = YES_ERROR;
				CLANG_WARN_QUOTED_INCLUDE_IN_FRAMEWORK_HEADER = YES;
				CLANG_WARN_RANGE_LOOP_ANALYSIS = YES;
				CLANG_WARN_STRICT_PROTOTYPES = YES;
				CLANG_WARN_SUSPICIOUS_MOVE = YES;
				CLANG_WARN_UNGUARDED_AVAILABILITY = YES_AGGRESSIVE;
				CLANG_WARN_UNREACHABLE_CODE = YES;
				CLANG_WARN__DUPLICATE_METHOD_MATCH = YES;
				COPY_PHASE_STRIP = NO;
				DEBUG_INFORMATION_FORMAT = dwarf;
				ENABLE_STRICT_OBJC_MSGSEND = YES;
				ENABLE_TESTABILITY = YES;
				GCC_C_LANGUAGE_STANDARD = gnu11;
				GCC_DYNAMIC_NO_PIC = NO;
				GCC_NO_COMMON_BLOCKS = YES;
				GCC_OPTIMIZATION_LEVEL = 0;
				GCC_PREPROCESSOR_DEFINITIONS = (
					"DEBUG=1",
					"$(inherited)",
				);
				GCC_WARN_64_TO_32_BIT_CONVERSION = YES;
				GCC_WARN_ABOUT_RETURN_TYPE = YES_ERROR;
				GCC_WARN_UNDECLARED_SELECTOR = YES;
				GCC_WARN_UNINITIALIZED_AUTOS = YES_AGGRESSIVE;
				GCC_WARN_UNUSED_FUNCTION = YES;
				GCC_WARN_UNUSED_VARIABLE = YES;
				IPHONEOS_DEPLOYMENT_TARGET = 15.2;
				MTL_ENABLE_DEBUG_INFO = INCLUDE_SOURCE;
				MTL_FAST_MATH = YES;
				ONLY_ACTIVE_ARCH = YES;
				SDKROOT = iphoneos;
				SWIFT_ACTIVE_COMPILATION_CONDITIONS = DEBUG;
				SWIFT_OPTIMIZATION_LEVEL = "-Onone";
			};
			name = Debug;
		};
		FF3DC74928A84BE2006E78CF /* Release */ = {
			isa = XCBuildConfiguration;
			buildSettings = {
				ALWAYS_SEARCH_USER_PATHS = NO;
				CLANG_ANALYZER_NONNULL = YES;
				CLANG_ANALYZER_NUMBER_OBJECT_CONVERSION = YES_AGGRESSIVE;
				CLANG_CXX_LANGUAGE_STANDARD = "gnu++17";
				CLANG_CXX_LIBRARY = "libc++";
				CLANG_ENABLE_MODULES = YES;
				CLANG_ENABLE_OBJC_ARC = YES;
				CLANG_ENABLE_OBJC_WEAK = YES;
				CLANG_WARN_BLOCK_CAPTURE_AUTORELEASING = YES;
				CLANG_WARN_BOOL_CONVERSION = YES;
				CLANG_WARN_COMMA = YES;
				CLANG_WARN_CONSTANT_CONVERSION = YES;
				CLANG_WARN_DEPRECATED_OBJC_IMPLEMENTATIONS = YES;
				CLANG_WARN_DIRECT_OBJC_ISA_USAGE = YES_ERROR;
				CLANG_WARN_DOCUMENTATION_COMMENTS = YES;
				CLANG_WARN_EMPTY_BODY = YES;
				CLANG_WARN_ENUM_CONVERSION = YES;
				CLANG_WARN_INFINITE_RECURSION = YES;
				CLANG_WARN_INT_CONVERSION = YES;
				CLANG_WARN_NON_LITERAL_NULL_CONVERSION = YES;
				CLANG_WARN_OBJC_IMPLICIT_RETAIN_SELF = YES;
				CLANG_WARN_OBJC_LITERAL_CONVERSION = YES;
				CLANG_WARN_OBJC_ROOT_CLASS = YES_ERROR;
				CLANG_WARN_QUOTED_INCLUDE_IN_FRAMEWORK_HEADER = YES;
				CLANG_WARN_RANGE_LOOP_ANALYSIS = YES;
				CLANG_WARN_STRICT_PROTOTYPES = YES;
				CLANG_WARN_SUSPICIOUS_MOVE = YES;
				CLANG_WARN_UNGUARDED_AVAILABILITY = YES_AGGRESSIVE;
				CLANG_WARN_UNREACHABLE_CODE = YES;
				CLANG_WARN__DUPLICATE_METHOD_MATCH = YES;
				COPY_PHASE_STRIP = NO;
				DEBUG_INFORMATION_FORMAT = "dwarf-with-dsym";
				ENABLE_NS_ASSERTIONS = NO;
				ENABLE_STRICT_OBJC_MSGSEND = YES;
				GCC_C_LANGUAGE_STANDARD = gnu11;
				GCC_NO_COMMON_BLOCKS = YES;
				GCC_WARN_64_TO_32_BIT_CONVERSION = YES;
				GCC_WARN_ABOUT_RETURN_TYPE = YES_ERROR;
				GCC_WARN_UNDECLARED_SELECTOR = YES;
				GCC_WARN_UNINITIALIZED_AUTOS = YES_AGGRESSIVE;
				GCC_WARN_UNUSED_FUNCTION = YES;
				GCC_WARN_UNUSED_VARIABLE = YES;
				IPHONEOS_DEPLOYMENT_TARGET = 15.2;
				MTL_ENABLE_DEBUG_INFO = NO;
				MTL_FAST_MATH = YES;
				SDKROOT = iphoneos;
				SWIFT_COMPILATION_MODE = wholemodule;
				SWIFT_OPTIMIZATION_LEVEL = "-O";
				VALIDATE_PRODUCT = YES;
			};
			name = Release;
		};
		FF3DC74B28A84BE2006E78CF /* Debug */ = {
			isa = XCBuildConfiguration;
			buildSettings = {
				ASSETCATALOG_COMPILER_APPICON_NAME = AppIcon;
				ASSETCATALOG_COMPILER_GLOBAL_ACCENT_COLOR_NAME = AccentColor;
				CODE_SIGN_STYLE = Automatic;
				CURRENT_PROJECT_VERSION = 1;
				GENERATE_INFOPLIST_FILE = YES;
				INFOPLIST_FILE = ZoundTest/Info.plist;
				INFOPLIST_KEY_UIApplicationSupportsIndirectInputEvents = YES;
				INFOPLIST_KEY_UILaunchStoryboardName = LaunchScreen;
				INFOPLIST_KEY_UIMainStoryboardFile = Main;
				INFOPLIST_KEY_UISupportedInterfaceOrientations_iPad = "UIInterfaceOrientationPortrait UIInterfaceOrientationPortraitUpsideDown UIInterfaceOrientationLandscapeLeft UIInterfaceOrientationLandscapeRight";
				INFOPLIST_KEY_UISupportedInterfaceOrientations_iPhone = "UIInterfaceOrientationPortrait UIInterfaceOrientationLandscapeLeft UIInterfaceOrientationLandscapeRight";
				LD_RUNPATH_SEARCH_PATHS = (
					"$(inherited)",
					"@executable_path/Frameworks",
				);
				MARKETING_VERSION = 1.0;
				PRODUCT_BUNDLE_IDENTIFIER = MuhammadAwaab.ZoundTest;
				PRODUCT_NAME = "$(TARGET_NAME)";
				SWIFT_EMIT_LOC_STRINGS = YES;
				SWIFT_VERSION = 5.0;
				TARGETED_DEVICE_FAMILY = "1,2";
			};
			name = Debug;
		};
		FF3DC74C28A84BE2006E78CF /* Release */ = {
			isa = XCBuildConfiguration;
			buildSettings = {
				ASSETCATALOG_COMPILER_APPICON_NAME = AppIcon;
				ASSETCATALOG_COMPILER_GLOBAL_ACCENT_COLOR_NAME = AccentColor;
				CODE_SIGN_STYLE = Automatic;
				CURRENT_PROJECT_VERSION = 1;
				GENERATE_INFOPLIST_FILE = YES;
				INFOPLIST_FILE = ZoundTest/Info.plist;
				INFOPLIST_KEY_UIApplicationSupportsIndirectInputEvents = YES;
				INFOPLIST_KEY_UILaunchStoryboardName = LaunchScreen;
				INFOPLIST_KEY_UIMainStoryboardFile = Main;
				INFOPLIST_KEY_UISupportedInterfaceOrientations_iPad = "UIInterfaceOrientationPortrait UIInterfaceOrientationPortraitUpsideDown UIInterfaceOrientationLandscapeLeft UIInterfaceOrientationLandscapeRight";
				INFOPLIST_KEY_UISupportedInterfaceOrientations_iPhone = "UIInterfaceOrientationPortrait UIInterfaceOrientationLandscapeLeft UIInterfaceOrientationLandscapeRight";
				LD_RUNPATH_SEARCH_PATHS = (
					"$(inherited)",
					"@executable_path/Frameworks",
				);
				MARKETING_VERSION = 1.0;
				PRODUCT_BUNDLE_IDENTIFIER = MuhammadAwaab.ZoundTest;
				PRODUCT_NAME = "$(TARGET_NAME)";
				SWIFT_EMIT_LOC_STRINGS = YES;
				SWIFT_VERSION = 5.0;
				TARGETED_DEVICE_FAMILY = "1,2";
			};
			name = Release;
		};
		FF3DC74E28A84BE2006E78CF /* Debug */ = {
			isa = XCBuildConfiguration;
			buildSettings = {
				ALWAYS_EMBED_SWIFT_STANDARD_LIBRARIES = YES;
				BUNDLE_LOADER = "$(TEST_HOST)";
				CODE_SIGN_STYLE = Automatic;
				CURRENT_PROJECT_VERSION = 1;
				GENERATE_INFOPLIST_FILE = YES;
				IPHONEOS_DEPLOYMENT_TARGET = 15.2;
				MARKETING_VERSION = 1.0;
				PRODUCT_BUNDLE_IDENTIFIER = MuhammadAwaab.ZoundTestTests;
				PRODUCT_NAME = "$(TARGET_NAME)";
				SWIFT_EMIT_LOC_STRINGS = NO;
				SWIFT_VERSION = 5.0;
				TARGETED_DEVICE_FAMILY = "1,2";
				TEST_HOST = "$(BUILT_PRODUCTS_DIR)/ZoundTest.app/ZoundTest";
			};
			name = Debug;
		};
		FF3DC74F28A84BE2006E78CF /* Release */ = {
			isa = XCBuildConfiguration;
			buildSettings = {
				ALWAYS_EMBED_SWIFT_STANDARD_LIBRARIES = YES;
				BUNDLE_LOADER = "$(TEST_HOST)";
				CODE_SIGN_STYLE = Automatic;
				CURRENT_PROJECT_VERSION = 1;
				GENERATE_INFOPLIST_FILE = YES;
				IPHONEOS_DEPLOYMENT_TARGET = 15.2;
				MARKETING_VERSION = 1.0;
				PRODUCT_BUNDLE_IDENTIFIER = MuhammadAwaab.ZoundTestTests;
				PRODUCT_NAME = "$(TARGET_NAME)";
				SWIFT_EMIT_LOC_STRINGS = NO;
				SWIFT_VERSION = 5.0;
				TARGETED_DEVICE_FAMILY = "1,2";
				TEST_HOST = "$(BUILT_PRODUCTS_DIR)/ZoundTest.app/ZoundTest";
			};
			name = Release;
		};
		FF3DC75128A84BE2006E78CF /* Debug */ = {
			isa = XCBuildConfiguration;
			buildSettings = {
				ALWAYS_EMBED_SWIFT_STANDARD_LIBRARIES = YES;
				CODE_SIGN_STYLE = Automatic;
				CURRENT_PROJECT_VERSION = 1;
				GENERATE_INFOPLIST_FILE = YES;
				MARKETING_VERSION = 1.0;
				PRODUCT_BUNDLE_IDENTIFIER = MuhammadAwaab.ZoundTestUITests;
				PRODUCT_NAME = "$(TARGET_NAME)";
				SWIFT_EMIT_LOC_STRINGS = NO;
				SWIFT_VERSION = 5.0;
				TARGETED_DEVICE_FAMILY = "1,2";
				TEST_TARGET_NAME = ZoundTest;
			};
			name = Debug;
		};
		FF3DC75228A84BE2006E78CF /* Release */ = {
			isa = XCBuildConfiguration;
			buildSettings = {
				ALWAYS_EMBED_SWIFT_STANDARD_LIBRARIES = YES;
				CODE_SIGN_STYLE = Automatic;
				CURRENT_PROJECT_VERSION = 1;
				GENERATE_INFOPLIST_FILE = YES;
				MARKETING_VERSION = 1.0;
				PRODUCT_BUNDLE_IDENTIFIER = MuhammadAwaab.ZoundTestUITests;
				PRODUCT_NAME = "$(TARGET_NAME)";
				SWIFT_EMIT_LOC_STRINGS = NO;
				SWIFT_VERSION = 5.0;
				TARGETED_DEVICE_FAMILY = "1,2";
				TEST_TARGET_NAME = ZoundTest;
			};
			name = Release;
		};
/* End XCBuildConfiguration section */

/* Begin XCConfigurationList section */
		FF3DC71B28A84BD6006E78CF /* Build configuration list for PBXProject "ZoundTest" */ = {
			isa = XCConfigurationList;
			buildConfigurations = (
				FF3DC74828A84BE2006E78CF /* Debug */,
				FF3DC74928A84BE2006E78CF /* Release */,
			);
			defaultConfigurationIsVisible = 0;
			defaultConfigurationName = Release;
		};
		FF3DC74A28A84BE2006E78CF /* Build configuration list for PBXNativeTarget "ZoundTest" */ = {
			isa = XCConfigurationList;
			buildConfigurations = (
				FF3DC74B28A84BE2006E78CF /* Debug */,
				FF3DC74C28A84BE2006E78CF /* Release */,
			);
			defaultConfigurationIsVisible = 0;
			defaultConfigurationName = Release;
		};
		FF3DC74D28A84BE2006E78CF /* Build configuration list for PBXNativeTarget "ZoundTestTests" */ = {
			isa = XCConfigurationList;
			buildConfigurations = (
				FF3DC74E28A84BE2006E78CF /* Debug */,
				FF3DC74F28A84BE2006E78CF /* Release */,
			);
			defaultConfigurationIsVisible = 0;
			defaultConfigurationName = Release;
		};
		FF3DC75028A84BE2006E78CF /* Build configuration list for PBXNativeTarget "ZoundTestUITests" */ = {
			isa = XCConfigurationList;
			buildConfigurations = (
				FF3DC75128A84BE2006E78CF /* Debug */,
				FF3DC75228A84BE2006E78CF /* Release */,
			);
			defaultConfigurationIsVisible = 0;
			defaultConfigurationName = Release;
		};
/* End XCConfigurationList section */
	};
	rootObject = FF3DC71828A84BD6006E78CF /* Project object */;
}
